
Microsoft Visual Studio Solution File, Format Version 12.00
# Visual Studio 14
VisualStudioVersion = 14.0.25420.1
MinimumVisualStudioVersion = 10.0.40219.1
Project("{FAE04EC0-301F-11D3-BF4B-00C04F79EFBC}") = "NeuralNetworks", "NeuralNetworks\NeuralNetworks.csproj", "{A1211181-802A-4162-B963-DC725AB68F5B}"
EndProject
Project("{FAE04EC0-301F-11D3-BF4B-00C04F79EFBC}") = "NeuralNetworks.Tests", "NeuralNetworks.Tests\NeuralNetworks.Tests.csproj", "{3E1C8C71-CF54-4C1F-92E0-DABB32853209}"
EndProject
Project("{2150E333-8FDC-42A3-9474-1A3956D46DE8}") = "NeuralNetworks.Clients", "NeuralNetworks.Clients", "{392D70A3-36B2-437B-BF29-20406F55E7E2}"
EndProject
Project("{FAE04EC0-301F-11D3-BF4B-00C04F79EFBC}") = "SingleLayerPerceptronClient", "SingleLayerPerceptronClient\SingleLayerPerceptronClient.csproj", "{7504D02F-C947-46A2-9054-F1EBEDC029AA}"
EndProject
Project("{FAE04EC0-301F-11D3-BF4B-00C04F79EFBC}") = "HopfieldNetworkClient", "HopfieldNetworkClient\HopfieldNetworkClient.csproj", "{85598856-C493-4250-BD2E-0FDEA149C6EC}"
EndProject
Project("{FAE04EC0-301F-11D3-BF4B-00C04F79EFBC}") = "SelfOrganizingMapClient", "SelfOrganizingMapClient\SelfOrganizingMapClient.csproj", "{28D6E81D-BD3D-4342-B27D-CBB07E76054A}"
EndProject
Project("{FAE04EC0-301F-11D3-BF4B-00C04F79EFBC}") = "MultiLayerPerceptronClient", "MultiLayerPerceptronClient\MultiLayerPerceptronClient.csproj", "{57E9DE80-4215-4C68-8F6B-D49FF3EAF7BC}"
EndProject
Global
	GlobalSection(SolutionConfigurationPlatforms) = preSolution
		Debug|Any CPU = Debug|Any CPU
		Release|Any CPU = Release|Any CPU
	EndGlobalSection
	GlobalSection(ProjectConfigurationPlatforms) = postSolution
		{A1211181-802A-4162-B963-DC725AB68F5B}.Debug|Any CPU.ActiveCfg = Debug|Any CPU
		{A1211181-802A-4162-B963-DC725AB68F5B}.Debug|Any CPU.Build.0 = Debug|Any CPU
		{A1211181-802A-4162-B963-DC725AB68F5B}.Release|Any CPU.ActiveCfg = Release|Any CPU
		{A1211181-802A-4162-B963-DC725AB68F5B}.Release|Any CPU.Build.0 = Release|Any CPU
		{3E1C8C71-CF54-4C1F-92E0-DABB32853209}.Debug|Any CPU.ActiveCfg = Debug|Any CPU
		{3E1C8C71-CF54-4C1F-92E0-DABB32853209}.Debug|Any CPU.Build.0 = Debug|Any CPU
		{3E1C8C71-CF54-4C1F-92E0-DABB32853209}.Release|Any CPU.ActiveCfg = Release|Any CPU
		{3E1C8C71-CF54-4C1F-92E0-DABB32853209}.Release|Any CPU.Build.0 = Release|Any CPU
		{7504D02F-C947-46A2-9054-F1EBEDC029AA}.Debug|Any CPU.ActiveCfg = Debug|Any CPU
		{7504D02F-C947-46A2-9054-F1EBEDC029AA}.Debug|Any CPU.Build.0 = Debug|Any CPU
		{7504D02F-C947-46A2-9054-F1EBEDC029AA}.Release|Any CPU.ActiveCfg = Release|Any CPU
		{7504D02F-C947-46A2-9054-F1EBEDC029AA}.Release|Any CPU.Build.0 = Release|Any CPU
		{85598856-C493-4250-BD2E-0FDEA149C6EC}.Debug|Any CPU.ActiveCfg = Debug|Any CPU
		{85598856-C493-4250-BD2E-0FDEA149C6EC}.Debug|Any CPU.Build.0 = Debug|Any CPU
		{85598856-C493-4250-BD2E-0FDEA149C6EC}.Release|Any CPU.ActiveCfg = Release|Any CPU
		{85598856-C493-4250-BD2E-0FDEA149C6EC}.Release|Any CPU.Build.0 = Release|Any CPU
		{28D6E81D-BD3D-4342-B27D-CBB07E76054A}.Debug|Any CPU.ActiveCfg = Debug|Any CPU
		{28D6E81D-BD3D-4342-B27D-CBB07E76054A}.Debug|Any CPU.Build.0 = Debug|Any CPU
		{28D6E81D-BD3D-4342-B27D-CBB07E76054A}.Release|Any CPU.ActiveCfg = Release|Any CPU
		{28D6E81D-BD3D-4342-B27D-CBB07E76054A}.Release|Any CPU.Build.0 = Release|Any CPU
		{57E9DE80-4215-4C68-8F6B-D49FF3EAF7BC}.Debug|Any CPU.ActiveCfg = Debug|Any CPU
		{57E9DE80-4215-4C68-8F6B-D49FF3EAF7BC}.Debug|Any CPU.Build.0 = Debug|Any CPU
		{57E9DE80-4215-4C68-8F6B-D49FF3EAF7BC}.Release|Any CPU.ActiveCfg = Release|Any CPU
		{57E9DE80-4215-4C68-8F6B-D49FF3EAF7BC}.Release|Any CPU.Build.0 = Release|Any CPU
	EndGlobalSection
	GlobalSection(SolutionProperties) = preSolution
		HideSolutionNode = FALSE
	EndGlobalSection
	GlobalSection(NestedProjects) = preSolution
		{7504D02F-C947-46A2-9054-F1EBEDC029AA} = {392D70A3-36B2-437B-BF29-20406F55E7E2}
		{85598856-C493-4250-BD2E-0FDEA149C6EC} = {392D70A3-36B2-437B-BF29-20406F55E7E2}
		{28D6E81D-BD3D-4342-B27D-CBB07E76054A} = {392D70A3-36B2-437B-BF29-20406F55E7E2}
		{57E9DE80-4215-4C68-8F6B-D49FF3EAF7BC} = {392D70A3-36B2-437B-BF29-20406F55E7E2}
	EndGlobalSection
EndGlobal
